
Microsoft Visual Studio Solution File, Format Version 12.00
# Visual Studio Version 16
VisualStudioVersion = 16.0.31129.286
MinimumVisualStudioVersion = 10.0.40219.1
Project("{8BC9CEB8-8B4A-11D0-8D11-00A0C91BC942}") = "winsock_adventure_client", "winsock_adventure_client.vcxproj", "{4BA614F9-FEE0-4583-B8D9-E4D3F51AC4F2}"
EndProject
Global
	GlobalSection(SolutionConfigurationPlatforms) = preSolution
		Debug|x64 = Debug|x64
		Debug|x86 = Debug|x86
		Release|x64 = Release|x64
		Release|x86 = Release|x86
	EndGlobalSection
	GlobalSection(ProjectConfigurationPlatforms) = postSolution
		{4BA614F9-FEE0-4583-B8D9-E4D3F51AC4F2}.Debug|x64.ActiveCfg = Debug|x64
		{4BA614F9-FEE0-4583-B8D9-E4D3F51AC4F2}.Debug|x64.Build.0 = Debug|x64
		{4BA614F9-FEE0-4583-B8D9-E4D3F51AC4F2}.Debug|x86.ActiveCfg = Debug|Win32
		{4BA614F9-FEE0-4583-B8D9-E4D3F51AC4F2}.Debug|x86.Build.0 = Debug|Win32
		{4BA614F9-FEE0-4583-B8D9-E4D3F51AC4F2}.Release|x64.ActiveCfg = Release|x64
		{4BA614F9-FEE0-4583-B8D9-E4D3F51AC4F2}.Release|x64.Build.0 = Release|x64
		{4BA614F9-FEE0-4583-B8D9-E4D3F51AC4F2}.Release|x86.ActiveCfg = Release|Win32
		{4BA614F9-FEE0-4583-B8D9-E4D3F51AC4F2}.Release|x86.Build.0 = Release|Win32
	EndGlobalSection
	GlobalSection(SolutionProperties) = preSolution
		HideSolutionNode = FALSE
	EndGlobalSection
	GlobalSection(ExtensibilityGlobals) = postSolution
		SolutionGuid = {E9304EFA-8C13-499B-B959-65256D823F50}
	EndGlobalSection
EndGlobal
